
Microsoft Visual Studio Solution File, Format Version 12.00
# Visual Studio Version 16
VisualStudioVersion = 16.0.31729.503
MinimumVisualStudioVersion = 10.0.40219.1
Project("{FAE04EC0-301F-11D3-BF4B-00C04F79EFBC}") = "Morpion", "Morpion\Morpion.csproj", "{FE257A65-F635-4CEC-A500-26412436D11B}"
EndProject
Global
	GlobalSection(SolutionConfigurationPlatforms) = preSolution
		Debug|Any CPU = Debug|Any CPU
		Release|Any CPU = Release|Any CPU
	EndGlobalSection
	GlobalSection(ProjectConfigurationPlatforms) = postSolution
		{FE257A65-F635-4CEC-A500-26412436D11B}.Debug|Any CPU.ActiveCfg = Debug|Any CPU
		{FE257A65-F635-4CEC-A500-26412436D11B}.Debug|Any CPU.Build.0 = Debug|Any CPU
		{FE257A65-F635-4CEC-A500-26412436D11B}.Release|Any CPU.ActiveCfg = Release|Any CPU
		{FE257A65-F635-4CEC-A500-26412436D11B}.Release|Any CPU.Build.0 = Release|Any CPU
	EndGlobalSection
	GlobalSection(SolutionProperties) = preSolution
		HideSolutionNode = FALSE
	EndGlobalSection
	GlobalSection(ExtensibilityGlobals) = postSolution
		SolutionGuid = {9D9A27E0-969E-4BA8-A73E-583272FE5169}
	EndGlobalSection
EndGlobal
